
Microsoft Visual Studio Solution File, Format Version 12.00
# Visual Studio Version 16
VisualStudioVersion = 16.0.30413.136
MinimumVisualStudioVersion = 10.0.40219.1
Project("{888888A0-9F3D-457C-B088-3A5042F75D52}") = "vorobjov000", "vorobjov000\vorobjov000.pyproj", "{22D7505A-D0F0-409F-BF3A-D90EE3E2E243}"
EndProject
Global
	GlobalSection(SolutionConfigurationPlatforms) = preSolution
		Debug|Any CPU = Debug|Any CPU
		Release|Any CPU = Release|Any CPU
	EndGlobalSection
	GlobalSection(ProjectConfigurationPlatforms) = postSolution
		{22D7505A-D0F0-409F-BF3A-D90EE3E2E243}.Debug|Any CPU.ActiveCfg = Debug|Any CPU
		{22D7505A-D0F0-409F-BF3A-D90EE3E2E243}.Release|Any CPU.ActiveCfg = Release|Any CPU
	EndGlobalSection
	GlobalSection(SolutionProperties) = preSolution
		HideSolutionNode = FALSE
	EndGlobalSection
	GlobalSection(ExtensibilityGlobals) = postSolution
		SolutionGuid = {98238314-FEBA-4408-83DC-690476D86A14}
	EndGlobalSection
EndGlobal
